lockfileVersion: 5.4

specifiers:
  '@playwright/test': ^1.26.1
  csv-parser: ^3.0.0
  json-2-csv: ^3.17.2

dependencies:
  csv-parser: 3.0.0
  json-2-csv: 3.17.2

devDependencies:
  '@playwright/test': 1.26.1

packages:

  /@playwright/test/1.26.1:
    resolution: {integrity: sha512-bNxyZASVt2adSZ9gbD7NCydzcb5JaI0OR9hc7s+nmPeH604gwp0zp17NNpwXY4c8nvuBGQQ9oGDx72LE+cUWvw==}
    engines: {node: '>=14'}
    hasBin: true
    dependencies:
      '@types/node': 18.8.1
      playwright-core: 1.26.1
    dev: true

  /@types/node/18.8.1:
    resolution: {integrity: sha512-vuYaNuEIbOYLTLUAJh50ezEbvxrD43iby+lpUA2aa148Nh5kX/AVO/9m1Ahmbux2iU5uxJTNF9g2Y+31uml7RQ==}
    dev: true

  /csv-parser/3.0.0:
    resolution: {integrity: sha512-s6OYSXAK3IdKqYO33y09jhypG/bSDHPuyCme/IdEHfWpLf/jKcpitVFyOC6UemgGk8v7Q5u2XE0vvwmanxhGlQ==}
    engines: {node: '>= 10'}
    hasBin: true
    dependencies:
      minimist: 1.2.6
    dev: false

  /deeks/2.5.1:
    resolution: {integrity: sha512-fqrBeUz7f1UqaXDRzVB5RG2EfPk15HJRrb2pMZj8mLlSTtz4tRPsK5leFOskoHFPuyZ6+7aRM9j657fvXLkJ7Q==}
    engines: {node: '>= 12'}
    dev: false

  /doc-path/3.0.2:
    resolution: {integrity: sha512-VRlA2OKSjTbHWj6wmSanxJ338fE/YN8pqmZ0FIWK5JWkIJMFRc4KmD35JtOrnjvVG0WrzOtDDNHx1lN1tkb+lA==}
    engines: {node: '>=12'}
    dev: false

  /json-2-csv/3.17.2:
    resolution: {integrity: sha512-Cmds9bIMxhqdYX1dx9AGXE0vLetTj1if0w2rpa2Zykn3f1tiD2535nLgrvJG8BbkCq1++qQwCCzvPjeSl6BCJQ==}
    engines: {node: '>= 12'}
    dependencies:
      deeks: 2.5.1
      doc-path: 3.0.2
    dev: false

  /minimist/1.2.6:
    resolution: {integrity: sha512-Jsjnk4bw3YJqYzbdyBiNsPWHPfO++UGG749Cxs6peCu5Xg4nrena6OVxOYxrQTqww0Jmwt+Ref8rggumkTLz9Q==}
    dev: false

  /playwright-core/1.26.1:
    resolution: {integrity: sha512-hzFchhhxnEiPc4qVPs9q2ZR+5eKNifY2hQDHtg1HnTTUuphYCBP8ZRb2si+B1TR7BHirgXaPi48LIye5SgrLAA==}
    engines: {node: '>=14'}
    hasBin: true
    dev: true
